// !$*UTF8*$!
{
	archiveVersion = 1;
	classes = {
	};
	objectVersion = 56;
	objects = {

/* Begin PBXBuildFile section */
		7C96D95429E03793000CFE85 /* AppDelegate.swift in Sources */ = {isa = PBXBuildFile; fileRef = 7C96D95329E03793000CFE85 /* AppDelegate.swift */; };
		7C96D95629E03793000CFE85 /* SceneDelegate.swift in Sources */ = {isa = PBXBuildFile; fileRef = 7C96D95529E03793000CFE85 /* SceneDelegate.swift */; };
		7C96D95829E03793000CFE85 /* HomeViewController.swift in Sources */ = {isa = PBXBuildFile; fileRef = 7C96D95729E03793000CFE85 /* HomeViewController.swift */; };
		7C96D95D29E03798000CFE85 /* Assets.xcassets in Resources */ = {isa = PBXBuildFile; fileRef = 7C96D95C29E03798000CFE85 /* Assets.xcassets */; };
		7C96D96029E03798000CFE85 /* LaunchScreen.storyboard in Resources */ = {isa = PBXBuildFile; fileRef = 7C96D95E29E03798000CFE85 /* LaunchScreen.storyboard */; };
		7C96D96B29E03799000CFE85 /* RobustaTaskTests.swift in Sources */ = {isa = PBXBuildFile; fileRef = 7C96D96A29E03799000CFE85 /* RobustaTaskTests.swift */; };
		7C96D97529E03799000CFE85 /* RobustaTaskUITests.swift in Sources */ = {isa = PBXBuildFile; fileRef = 7C96D97429E03799000CFE85 /* RobustaTaskUITests.swift */; };
		7C96D97729E03799000CFE85 /* RobustaTaskUITestsLaunchTests.swift in Sources */ = {isa = PBXBuildFile; fileRef = 7C96D97629E03799000CFE85 /* RobustaTaskUITestsLaunchTests.swift */; };
		7C96D98729E04442000CFE85 /* NetworkRequest.swift in Sources */ = {isa = PBXBuildFile; fileRef = 7C96D98629E04442000CFE85 /* NetworkRequest.swift */; };
		7C96D98829E04448000CFE85 /* NetworkRequest.swift in Sources */ = {isa = PBXBuildFile; fileRef = 7C96D98629E04442000CFE85 /* NetworkRequest.swift */; };
		7C96D98A29E0448F000CFE85 /* EndPoints.swift in Sources */ = {isa = PBXBuildFile; fileRef = 7C96D98929E0448F000CFE85 /* EndPoints.swift */; };
		7C96D99129E045D0000CFE85 /* ReposModelResponse.swift in Sources */ = {isa = PBXBuildFile; fileRef = 7C96D99029E045D0000CFE85 /* ReposModelResponse.swift */; };
		7C96D99229E045D0000CFE85 /* ReposModelResponse.swift in Sources */ = {isa = PBXBuildFile; fileRef = 7C96D99029E045D0000CFE85 /* ReposModelResponse.swift */; };
		7C96D99429E049F7000CFE85 /* GetReposNetworkService.swift in Sources */ = {isa = PBXBuildFile; fileRef = 7C96D99329E049F7000CFE85 /* GetReposNetworkService.swift */; };
		7C96D99529E049F7000CFE85 /* GetReposNetworkService.swift in Sources */ = {isa = PBXBuildFile; fileRef = 7C96D99329E049F7000CFE85 /* GetReposNetworkService.swift */; };
		7C96D99929E052A5000CFE85 /* HomeViewModelProtocol.swift in Sources */ = {isa = PBXBuildFile; fileRef = 7C96D99829E052A5000CFE85 /* HomeViewModelProtocol.swift */; };
		7C96D99A29E052A5000CFE85 /* HomeViewModelProtocol.swift in Sources */ = {isa = PBXBuildFile; fileRef = 7C96D99829E052A5000CFE85 /* HomeViewModelProtocol.swift */; };
		7C96D99C29E05347000CFE85 /* HomeViewModel.swift in Sources */ = {isa = PBXBuildFile; fileRef = 7C96D99B29E05347000CFE85 /* HomeViewModel.swift */; };
		7C96D99D29E05347000CFE85 /* HomeViewModel.swift in Sources */ = {isa = PBXBuildFile; fileRef = 7C96D99B29E05347000CFE85 /* HomeViewModel.swift */; };
		7C96D99F29E056F8000CFE85 /* ReposTableViewCell.swift in Sources */ = {isa = PBXBuildFile; fileRef = 7C96D99E29E056F8000CFE85 /* ReposTableViewCell.swift */; };
		7C96D9A029E056F8000CFE85 /* ReposTableViewCell.swift in Sources */ = {isa = PBXBuildFile; fileRef = 7C96D99E29E056F8000CFE85 /* ReposTableViewCell.swift */; };
/* End PBXBuildFile section */

/* Begin PBXContainerItemProxy section */
		7C96D96729E03799000CFE85 /* PBXContainerItemProxy */ = {
			isa = PBXContainerItemProxy;
			containerPortal = 7C96D94829E03793000CFE85 /* Project object */;
			proxyType = 1;
			remoteGlobalIDString = 7C96D94F29E03793000CFE85;
			remoteInfo = RobustaTask;
		};
		7C96D97129E03799000CFE85 /* PBXContainerItemProxy */ = {
			isa = PBXContainerItemProxy;
			containerPortal = 7C96D94829E03793000CFE85 /* Project object */;
			proxyType = 1;
			remoteGlobalIDString = 7C96D94F29E03793000CFE85;
			remoteInfo = RobustaTask;
		};
/* End PBXContainerItemProxy section */

/* Begin PBXFileReference section */
		7C96D95029E03793000CFE85 /* RobustaTask.app */ = {isa = PBXFileReference; explicitFileType = wrapper.application; includeInIndex = 0; path = RobustaTask.app; sourceTree = BUILT_PRODUCTS_DIR; };
		7C96D95329E03793000CFE85 /* AppDelegate.swift */ = {isa = PBXFileReference; lastKnownFileType = sourcecode.swift; path = AppDelegate.swift; sourceTree = "<group>"; };
		7C96D95529E03793000CFE85 /* SceneDelegate.swift */ = {isa = PBXFileReference; lastKnownFileType = sourcecode.swift; path = SceneDelegate.swift; sourceTree = "<group>"; };
		7C96D95729E03793000CFE85 /* HomeViewController.swift */ = {isa = PBXFileReference; lastKnownFileType = sourcecode.swift; path = HomeViewController.swift; sourceTree = "<group>"; };
		7C96D95C29E03798000CFE85 /* Assets.xcassets */ = {isa = PBXFileReference; lastKnownFileType = folder.assetcatalog; path = Assets.xcassets; sourceTree = "<group>"; };
		7C96D95F29E03798000CFE85 /* Base */ = {isa = PBXFileReference; lastKnownFileType = file.storyboard; name = Base; path = Base.lproj/LaunchScreen.storyboard; sourceTree = "<group>"; };
		7C96D96129E03798000CFE85 /* Info.plist */ = {isa = PBXFileReference; lastKnownFileType = text.plist.xml; path = Info.plist; sourceTree = "<group>"; };
		7C96D96629E03799000CFE85 /* RobustaTaskTests.xctest */ = {isa = PBXFileReference; explicitFileType = wrapper.cfbundle; includeInIndex = 0; path = RobustaTaskTests.xctest; sourceTree = BUILT_PRODUCTS_DIR; };
		7C96D96A29E03799000CFE85 /* RobustaTaskTests.swift */ = {isa = PBXFileReference; lastKnownFileType = sourcecode.swift; path = RobustaTaskTests.swift; sourceTree = "<group>"; };
		7C96D97029E03799000CFE85 /* RobustaTaskUITests.xctest */ = {isa = PBXFileReference; explicitFileType = wrapper.cfbundle; includeInIndex = 0; path = RobustaTaskUITests.xctest; sourceTree = BUILT_PRODUCTS_DIR; };
		7C96D97429E03799000CFE85 /* RobustaTaskUITests.swift */ = {isa = PBXFileReference; lastKnownFileType = sourcecode.swift; path = RobustaTaskUITests.swift; sourceTree = "<group>"; };
		7C96D97629E03799000CFE85 /* RobustaTaskUITestsLaunchTests.swift */ = {isa = PBXFileReference; lastKnownFileType = sourcecode.swift; path = RobustaTaskUITestsLaunchTests.swift; sourceTree = "<group>"; };
		7C96D98629E04442000CFE85 /* NetworkRequest.swift */ = {isa = PBXFileReference; lastKnownFileType = sourcecode.swift; path = NetworkRequest.swift; sourceTree = "<group>"; };
		7C96D98929E0448F000CFE85 /* EndPoints.swift */ = {isa = PBXFileReference; lastKnownFileType = sourcecode.swift; path = EndPoints.swift; sourceTree = "<group>"; };
		7C96D99029E045D0000CFE85 /* ReposModelResponse.swift */ = {isa = PBXFileReference; lastKnownFileType = sourcecode.swift; path = ReposModelResponse.swift; sourceTree = "<group>"; };
		7C96D99329E049F7000CFE85 /* GetReposNetworkService.swift */ = {isa = PBXFileReference; lastKnownFileType = sourcecode.swift; path = GetReposNetworkService.swift; sourceTree = "<group>"; };
		7C96D99829E052A5000CFE85 /* HomeViewModelProtocol.swift */ = {isa = PBXFileReference; lastKnownFileType = sourcecode.swift; path = HomeViewModelProtocol.swift; sourceTree = "<group>"; };
		7C96D99B29E05347000CFE85 /* HomeViewModel.swift */ = {isa = PBXFileReference; lastKnownFileType = sourcecode.swift; path = HomeViewModel.swift; sourceTree = "<group>"; };
		7C96D99E29E056F8000CFE85 /* ReposTableViewCell.swift */ = {isa = PBXFileReference; lastKnownFileType = sourcecode.swift; path = ReposTableViewCell.swift; sourceTree = "<group>"; };
/* End PBXFileReference section */

/* Begin PBXFrameworksBuildPhase section */
		7C96D94D29E03793000CFE85 /* Frameworks */ = {
			isa = PBXFrameworksBuildPhase;
			buildActionMask = 2147483647;
			files = (
			);
			runOnlyForDeploymentPostprocessing = 0;
		};
		7C96D96329E03799000CFE85 /* Frameworks */ = {
			isa = PBXFrameworksBuildPhase;
			buildActionMask = 2147483647;
			files = (
			);
			runOnlyForDeploymentPostprocessing = 0;
		};
		7C96D96D29E03799000CFE85 /* Frameworks */ = {
			isa = PBXFrameworksBuildPhase;
			buildActionMask = 2147483647;
			files = (
			);
			runOnlyForDeploymentPostprocessing = 0;
		};
/* End PBXFrameworksBuildPhase section */

/* Begin PBXGroup section */
		7C96D94729E03793000CFE85 = {
			isa = PBXGroup;
			children = (
				7C96D95229E03793000CFE85 /* RobustaTask */,
				7C96D96929E03799000CFE85 /* RobustaTaskTests */,
				7C96D97329E03799000CFE85 /* RobustaTaskUITests */,
				7C96D95129E03793000CFE85 /* Products */,
			);
			sourceTree = "<group>";
		};
		7C96D95129E03793000CFE85 /* Products */ = {
			isa = PBXGroup;
			children = (
				7C96D95029E03793000CFE85 /* RobustaTask.app */,
				7C96D96629E03799000CFE85 /* RobustaTaskTests.xctest */,
				7C96D97029E03799000CFE85 /* RobustaTaskUITests.xctest */,
			);
			name = Products;
			sourceTree = "<group>";
		};
		7C96D95229E03793000CFE85 /* RobustaTask */ = {
			isa = PBXGroup;
			children = (
				7C96D98329E03D85000CFE85 /* Delegates */,
				7C96D98529E03FAF000CFE85 /* NetworkLayer */,
				7C96D98B29E0450E000CFE85 /* Modules */,
				7C96D95C29E03798000CFE85 /* Assets.xcassets */,
				7C96D95E29E03798000CFE85 /* LaunchScreen.storyboard */,
				7C96D96129E03798000CFE85 /* Info.plist */,
			);
			path = RobustaTask;
			sourceTree = "<group>";
		};
		7C96D96929E03799000CFE85 /* RobustaTaskTests */ = {
			isa = PBXGroup;
			children = (
				7C96D96A29E03799000CFE85 /* RobustaTaskTests.swift */,
			);
			path = RobustaTaskTests;
			sourceTree = "<group>";
		};
		7C96D97329E03799000CFE85 /* RobustaTaskUITests */ = {
			isa = PBXGroup;
			children = (
				7C96D97429E03799000CFE85 /* RobustaTaskUITests.swift */,
				7C96D97629E03799000CFE85 /* RobustaTaskUITestsLaunchTests.swift */,
			);
			path = RobustaTaskUITests;
			sourceTree = "<group>";
		};
		7C96D98329E03D85000CFE85 /* Delegates */ = {
			isa = PBXGroup;
			children = (
				7C96D95329E03793000CFE85 /* AppDelegate.swift */,
				7C96D95529E03793000CFE85 /* SceneDelegate.swift */,
			);
			path = Delegates;
			sourceTree = "<group>";
		};
		7C96D98529E03FAF000CFE85 /* NetworkLayer */ = {
			isa = PBXGroup;
			children = (
				7C96D98629E04442000CFE85 /* NetworkRequest.swift */,
				7C96D98929E0448F000CFE85 /* EndPoints.swift */,
				7C96D99729E04A1A000CFE85 /* NetworkCalls */,
			);
			path = NetworkLayer;
			sourceTree = "<group>";
		};
		7C96D98B29E0450E000CFE85 /* Modules */ = {
			isa = PBXGroup;
			children = (
				7C96D98C29E04518000CFE85 /* HomeModule */,
			);
			path = Modules;
			sourceTree = "<group>";
		};
		7C96D98C29E04518000CFE85 /* HomeModule */ = {
			isa = PBXGroup;
			children = (
				7C96D98D29E04526000CFE85 /* View */,
				7C96D98E29E0452E000CFE85 /* ViewModel */,
				7C96D98F29E04535000CFE85 /* Model */,
			);
			path = HomeModule;
			sourceTree = "<group>";
		};
		7C96D98D29E04526000CFE85 /* View */ = {
			isa = PBXGroup;
			children = (
				7C96D95729E03793000CFE85 /* HomeViewController.swift */,
				7C96D99E29E056F8000CFE85 /* ReposTableViewCell.swift */,
			);
			path = View;
			sourceTree = "<group>";
		};
		7C96D98E29E0452E000CFE85 /* ViewModel */ = {
			isa = PBXGroup;
			children = (
				7C96D99829E052A5000CFE85 /* HomeViewModelProtocol.swift */,
				7C96D99B29E05347000CFE85 /* HomeViewModel.swift */,
			);
			path = ViewModel;
			sourceTree = "<group>";
		};
		7C96D98F29E04535000CFE85 /* Model */ = {
			isa = PBXGroup;
			children = (
				7C96D99029E045D0000CFE85 /* ReposModelResponse.swift */,
			);
			path = Model;
			sourceTree = "<group>";
		};
		7C96D99729E04A1A000CFE85 /* NetworkCalls */ = {
			isa = PBXGroup;
			children = (
				7C96D99329E049F7000CFE85 /* GetReposNetworkService.swift */,
			);
			path = NetworkCalls;
			sourceTree = "<group>";
		};
/* End PBXGroup section */

/* Begin PBXNativeTarget section */
		7C96D94F29E03793000CFE85 /* RobustaTask */ = {
			isa = PBXNativeTarget;
			buildConfigurationList = 7C96D97A29E03799000CFE85 /* Build configuration list for PBXNativeTarget "RobustaTask" */;
			buildPhases = (
				7C96D94C29E03793000CFE85 /* Sources */,
				7C96D94D29E03793000CFE85 /* Frameworks */,
				7C96D94E29E03793000CFE85 /* Resources */,
			);
			buildRules = (
			);
			dependencies = (
			);
			name = RobustaTask;
			productName = RobustaTask;
			productReference = 7C96D95029E03793000CFE85 /* RobustaTask.app */;
			productType = "com.apple.product-type.application";
		};
		7C96D96529E03799000CFE85 /* RobustaTaskTests */ = {
			isa = PBXNativeTarget;
			buildConfigurationList = 7C96D97D29E03799000CFE85 /* Build configuration list for PBXNativeTarget "RobustaTaskTests" */;
			buildPhases = (
				7C96D96229E03799000CFE85 /* Sources */,
				7C96D96329E03799000CFE85 /* Frameworks */,
				7C96D96429E03799000CFE85 /* Resources */,
			);
			buildRules = (
			);
			dependencies = (
				7C96D96829E03799000CFE85 /* PBXTargetDependency */,
			);
			name = RobustaTaskTests;
			productName = RobustaTaskTests;
			productReference = 7C96D96629E03799000CFE85 /* RobustaTaskTests.xctest */;
			productType = "com.apple.product-type.bundle.unit-test";
		};
		7C96D96F29E03799000CFE85 /* RobustaTaskUITests */ = {
			isa = PBXNativeTarget;
			buildConfigurationList = 7C96D98029E03799000CFE85 /* Build configuration list for PBXNativeTarget "RobustaTaskUITests" */;
			buildPhases = (
				7C96D96C29E03799000CFE85 /* Sources */,
				7C96D96D29E03799000CFE85 /* Frameworks */,
				7C96D96E29E03799000CFE85 /* Resources */,
			);
			buildRules = (
			);
			dependencies = (
				7C96D97229E03799000CFE85 /* PBXTargetDependency */,
			);
			name = RobustaTaskUITests;
			productName = RobustaTaskUITests;
			productReference = 7C96D97029E03799000CFE85 /* RobustaTaskUITests.xctest */;
			productType = "com.apple.product-type.bundle.ui-testing";
		};
/* End PBXNativeTarget section */

/* Begin PBXProject section */
		7C96D94829E03793000CFE85 /* Project object */ = {
			isa = PBXProject;
			attributes = {
				BuildIndependentTargetsInParallel = 1;
				LastSwiftUpdateCheck = 1410;
				LastUpgradeCheck = 1410;
				TargetAttributes = {
					7C96D94F29E03793000CFE85 = {
						CreatedOnToolsVersion = 14.1;
					};
					7C96D96529E03799000CFE85 = {
						CreatedOnToolsVersion = 14.1;
						TestTargetID = 7C96D94F29E03793000CFE85;
					};
					7C96D96F29E03799000CFE85 = {
						CreatedOnToolsVersion = 14.1;
						TestTargetID = 7C96D94F29E03793000CFE85;
					};
				};
			};
			buildConfigurationList = 7C96D94B29E03793000CFE85 /* Build configuration list for PBXProject "RobustaTask" */;
			compatibilityVersion = "Xcode 14.0";
			developmentRegion = en;
			hasScannedForEncodings = 0;
			knownRegions = (
				en,
				Base,
			);
			mainGroup = 7C96D94729E03793000CFE85;
			productRefGroup = 7C96D95129E03793000CFE85 /* Products */;
			projectDirPath = "";
			projectRoot = "";
			targets = (
				7C96D94F29E03793000CFE85 /* RobustaTask */,
				7C96D96529E03799000CFE85 /* RobustaTaskTests */,
				7C96D96F29E03799000CFE85 /* RobustaTaskUITests */,
			);
		};
/* End PBXProject section */

/* Begin PBXResourcesBuildPhase section */
		7C96D94E29E03793000CFE85 /* Resources */ = {
			isa = PBXResourcesBuildPhase;
			buildActionMask = 2147483647;
			files = (
				7C96D96029E03798000CFE85 /* LaunchScreen.storyboard in Resources */,
				7C96D95D29E03798000CFE85 /* Assets.xcassets in Resources */,
			);
			runOnlyForDeploymentPostprocessing = 0;
		};
		7C96D96429E03799000CFE85 /* Resources */ = {
			isa = PBXResourcesBuildPhase;
			buildActionMask = 2147483647;
			files = (
			);
			runOnlyForDeploymentPostprocessing = 0;
		};
		7C96D96E29E03799000CFE85 /* Resources */ = {
			isa = PBXResourcesBuildPhase;
			buildActionMask = 2147483647;
			files = (
			);
			runOnlyForDeploymentPostprocessing = 0;
		};
/* End PBXResourcesBuildPhase section */

/* Begin PBXSourcesBuildPhase section */
		7C96D94C29E03793000CFE85 /* Sources */ = {
			isa = PBXSourcesBuildPhase;
			buildActionMask = 2147483647;
			files = (
				7C96D99429E049F7000CFE85 /* GetReposNetworkService.swift in Sources */,
				7C96D99F29E056F8000CFE85 /* ReposTableViewCell.swift in Sources */,
				7C96D99C29E05347000CFE85 /* HomeViewModel.swift in Sources */,
				7C96D95829E03793000CFE85 /* HomeViewController.swift in Sources */,
				7C96D98A29E0448F000CFE85 /* EndPoints.swift in Sources */,
				7C96D95429E03793000CFE85 /* AppDelegate.swift in Sources */,
				7C96D98729E04442000CFE85 /* NetworkRequest.swift in Sources */,
				7C96D99929E052A5000CFE85 /* HomeViewModelProtocol.swift in Sources */,
				7C96D99129E045D0000CFE85 /* ReposModelResponse.swift in Sources */,
				7C96D95629E03793000CFE85 /* SceneDelegate.swift in Sources */,
			);
			runOnlyForDeploymentPostprocessing = 0;
		};
		7C96D96229E03799000CFE85 /* Sources */ = {
			isa = PBXSourcesBuildPhase;
			buildActionMask = 2147483647;
			files = (
				7C96D9A029E056F8000CFE85 /* ReposTableViewCell.swift in Sources */,
				7C96D99A29E052A5000CFE85 /* HomeViewModelProtocol.swift in Sources */,
				7C96D99D29E05347000CFE85 /* HomeViewModel.swift in Sources */,
				7C96D98829E04448000CFE85 /* NetworkRequest.swift in Sources */,
				7C96D99229E045D0000CFE85 /* ReposModelResponse.swift in Sources */,
				7C96D96B29E03799000CFE85 /* RobustaTaskTests.swift in Sources */,
				7C96D99529E049F7000CFE85 /* GetReposNetworkService.swift in Sources */,
			);
			runOnlyForDeploymentPostprocessing = 0;
		};
		7C96D96C29E03799000CFE85 /* Sources */ = {
			isa = PBXSourcesBuildPhase;
			buildActionMask = 2147483647;
			files = (
				7C96D97729E03799000CFE85 /* RobustaTaskUITestsLaunchTests.swift in Sources */,
				7C96D97529E03799000CFE85 /* RobustaTaskUITests.swift in Sources */,
			);
			runOnlyForDeploymentPostprocessing = 0;
		};
/* End PBXSourcesBuildPhase section */

/* Begin PBXTargetDependency section */
		7C96D96829E03799000CFE85 /* PBXTargetDependency */ = {
			isa = PBXTargetDependency;
			target = 7C96D94F29E03793000CFE85 /* RobustaTask */;
			targetProxy = 7C96D96729E03799000CFE85 /* PBXContainerItemProxy */;
		};
		7C96D97229E03799000CFE85 /* PBXTargetDependency */ = {
			isa = PBXTargetDependency;
			target = 7C96D94F29E03793000CFE85 /* RobustaTask */;
			targetProxy = 7C96D97129E03799000CFE85 /* PBXContainerItemProxy */;
		};
/* End PBXTargetDependency section */

/* Begin PBXVariantGroup section */
		7C96D95E29E03798000CFE85 /* LaunchScreen.storyboard */ = {
			isa = PBXVariantGroup;
			children = (
				7C96D95F29E03798000CFE85 /* Base */,
			);
			name = LaunchScreen.storyboard;
			sourceTree = "<group>";
		};
/* End PBXVariantGroup section */

/* Begin XCBuildConfiguration section */
		7C96D97829E03799000CFE85 /* Debug */ = {
			isa = XCBuildConfiguration;
			buildSettings = {
				ALWAYS_SEARCH_USER_PATHS = NO;
				CLANG_ANALYZER_NONNULL = YES;
				CLANG_ANALYZER_NUMBER_OBJECT_CONVERSION = YES_AGGRESSIVE;
				CLANG_CXX_LANGUAGE_STANDARD = "gnu++20";
				CLANG_ENABLE_MODULES = YES;
				CLANG_ENABLE_OBJC_ARC = YES;
				CLANG_ENABLE_OBJC_WEAK = YES;
				CLANG_WARN_BLOCK_CAPTURE_AUTORELEASING = YES;
				CLANG_WARN_BOOL_CONVERSION = YES;
				CLANG_WARN_COMMA = YES;
				CLANG_WARN_CONSTANT_CONVERSION = YES;
				CLANG_WARN_DEPRECATED_OBJC_IMPLEMENTATIONS = YES;
				CLANG_WARN_DIRECT_OBJC_ISA_USAGE = YES_ERROR;
				CLANG_WARN_DOCUMENTATION_COMMENTS = YES;
				CLANG_WARN_EMPTY_BODY = YES;
				CLANG_WARN_ENUM_CONVERSION = YES;
				CLANG_WARN_INFINITE_RECURSION = YES;
				CLANG_WARN_INT_CONVERSION = YES;
				CLANG_WARN_NON_LITERAL_NULL_CONVERSION = YES;
				CLANG_WARN_OBJC_IMPLICIT_RETAIN_SELF = YES;
				CLANG_WARN_OBJC_LITERAL_CONVERSION = YES;
				CLANG_WARN_OBJC_ROOT_CLASS = YES_ERROR;
				CLANG_WARN_QUOTED_INCLUDE_IN_FRAMEWORK_HEADER = YES;
				CLANG_WARN_RANGE_LOOP_ANALYSIS = YES;
				CLANG_WARN_STRICT_PROTOTYPES = YES;
				CLANG_WARN_SUSPICIOUS_MOVE = YES;
				CLANG_WARN_UNGUARDED_AVAILABILITY = YES_AGGRESSIVE;
				CLANG_WARN_UNREACHABLE_CODE = YES;
				CLANG_WARN__DUPLICATE_METHOD_MATCH = YES;
				COPY_PHASE_STRIP = NO;
				DEBUG_INFORMATION_FORMAT = dwarf;
				ENABLE_STRICT_OBJC_MSGSEND = YES;
				ENABLE_TESTABILITY = YES;
				GCC_C_LANGUAGE_STANDARD = gnu11;
				GCC_DYNAMIC_NO_PIC = NO;
				GCC_NO_COMMON_BLOCKS = YES;
				GCC_OPTIMIZATION_LEVEL = 0;
				GCC_PREPROCESSOR_DEFINITIONS = (
					"DEBUG=1",
					"$(inherited)",
				);
				GCC_WARN_64_TO_32_BIT_CONVERSION = YES;
				GCC_WARN_ABOUT_RETURN_TYPE = YES_ERROR;
				GCC_WARN_UNDECLARED_SELECTOR = YES;
				GCC_WARN_UNINITIALIZED_AUTOS = YES_AGGRESSIVE;
				GCC_WARN_UNUSED_FUNCTION = YES;
				GCC_WARN_UNUSED_VARIABLE = YES;
				IPHONEOS_DEPLOYMENT_TARGET = 16.1;
				MTL_ENABLE_DEBUG_INFO = INCLUDE_SOURCE;
				MTL_FAST_MATH = YES;
				ONLY_ACTIVE_ARCH = YES;
				SDKROOT = iphoneos;
				SWIFT_ACTIVE_COMPILATION_CONDITIONS = DEBUG;
				SWIFT_OPTIMIZATION_LEVEL = "-Onone";
			};
			name = Debug;
		};
		7C96D97929E03799000CFE85 /* Release */ = {
			isa = XCBuildConfiguration;
			buildSettings = {
				ALWAYS_SEARCH_USER_PATHS = NO;
				CLANG_ANALYZER_NONNULL = YES;
				CLANG_ANALYZER_NUMBER_OBJECT_CONVERSION = YES_AGGRESSIVE;
				CLANG_CXX_LANGUAGE_STANDARD = "gnu++20";
				CLANG_ENABLE_MODULES = YES;
				CLANG_ENABLE_OBJC_ARC = YES;
				CLANG_ENABLE_OBJC_WEAK = YES;
				CLANG_WARN_BLOCK_CAPTURE_AUTORELEASING = YES;
				CLANG_WARN_BOOL_CONVERSION = YES;
				CLANG_WARN_COMMA = YES;
				CLANG_WARN_CONSTANT_CONVERSION = YES;
				CLANG_WARN_DEPRECATED_OBJC_IMPLEMENTATIONS = YES;
				CLANG_WARN_DIRECT_OBJC_ISA_USAGE = YES_ERROR;
				CLANG_WARN_DOCUMENTATION_COMMENTS = YES;
				CLANG_WARN_EMPTY_BODY = YES;
				CLANG_WARN_ENUM_CONVERSION = YES;
				CLANG_WARN_INFINITE_RECURSION = YES;
				CLANG_WARN_INT_CONVERSION = YES;
				CLANG_WARN_NON_LITERAL_NULL_CONVERSION = YES;
				CLANG_WARN_OBJC_IMPLICIT_RETAIN_SELF = YES;
				CLANG_WARN_OBJC_LITERAL_CONVERSION = YES;
				CLANG_WARN_OBJC_ROOT_CLASS = YES_ERROR;
				CLANG_WARN_QUOTED_INCLUDE_IN_FRAMEWORK_HEADER = YES;
				CLANG_WARN_RANGE_LOOP_ANALYSIS = YES;
				CLANG_WARN_STRICT_PROTOTYPES = YES;
				CLANG_WARN_SUSPICIOUS_MOVE = YES;
				CLANG_WARN_UNGUARDED_AVAILABILITY = YES_AGGRESSIVE;
				CLANG_WARN_UNREACHABLE_CODE = YES;
				CLANG_WARN__DUPLICATE_METHOD_MATCH = YES;
				COPY_PHASE_STRIP = NO;
				DEBUG_INFORMATION_FORMAT = "dwarf-with-dsym";
				ENABLE_NS_ASSERTIONS = NO;
				ENABLE_STRICT_OBJC_MSGSEND = YES;
				GCC_C_LANGUAGE_STANDARD = gnu11;
				GCC_NO_COMMON_BLOCKS = YES;
				GCC_WARN_64_TO_32_BIT_CONVERSION = YES;
				GCC_WARN_ABOUT_RETURN_TYPE = YES_ERROR;
				GCC_WARN_UNDECLARED_SELECTOR = YES;
				GCC_WARN_UNINITIALIZED_AUTOS = YES_AGGRESSIVE;
				GCC_WARN_UNUSED_FUNCTION = YES;
				GCC_WARN_UNUSED_VARIABLE = YES;
				IPHONEOS_DEPLOYMENT_TARGET = 16.1;
				MTL_ENABLE_DEBUG_INFO = NO;
				MTL_FAST_MATH = YES;
				SDKROOT = iphoneos;
				SWIFT_COMPILATION_MODE = wholemodule;
				SWIFT_OPTIMIZATION_LEVEL = "-O";
				VALIDATE_PRODUCT = YES;
			};
			name = Release;
		};
		7C96D97B29E03799000CFE85 /* Debug */ = {
			isa = XCBuildConfiguration;
			buildSettings = {
				ASSETCATALOG_COMPILER_APPICON_NAME = AppIcon;
				ASSETCATALOG_COMPILER_GLOBAL_ACCENT_COLOR_NAME = AccentColor;
				CODE_SIGN_STYLE = Automatic;
				CURRENT_PROJECT_VERSION = 1;
				DEVELOPMENT_TEAM = 77US6N3SL5;
				GENERATE_INFOPLIST_FILE = YES;
				INFOPLIST_FILE = RobustaTask/Info.plist;
				INFOPLIST_KEY_UIApplicationSupportsIndirectInputEvents = YES;
				INFOPLIST_KEY_UILaunchStoryboardName = LaunchScreen;
				INFOPLIST_KEY_UIMainStoryboardFile = "";
				INFOPLIST_KEY_UIStatusBarStyle = "";
				INFOPLIST_KEY_UISupportedInterfaceOrientations = UIInterfaceOrientationPortrait;
				INFOPLIST_KEY_UISupportedInterfaceOrientations_iPad = "UIInterfaceOrientationLandscapeLeft UIInterfaceOrientationLandscapeRight UIInterfaceOrientationPortrait UIInterfaceOrientationPortraitUpsideDown";
				LD_RUNPATH_SEARCH_PATHS = (
					"$(inherited)",
					"@executable_path/Frameworks",
				);
				MARKETING_VERSION = 1.0;
				PRODUCT_BUNDLE_IDENTIFIER = norhanboghdadi.RobustaTask;
				PRODUCT_NAME = "$(TARGET_NAME)";
				SWIFT_EMIT_LOC_STRINGS = YES;
				SWIFT_VERSION = 5.0;
				TARGETED_DEVICE_FAMILY = "1,2";
			};
			name = Debug;
		};
		7C96D97C29E03799000CFE85 /* Release */ = {
			isa = XCBuildConfiguration;
			buildSettings = {
				ASSETCATALOG_COMPILER_APPICON_NAME = AppIcon;
				ASSETCATALOG_COMPILER_GLOBAL_ACCENT_COLOR_NAME = AccentColor;
				CODE_SIGN_STYLE = Automatic;
				CURRENT_PROJECT_VERSION = 1;
				DEVELOPMENT_TEAM = 77US6N3SL5;
				GENERATE_INFOPLIST_FILE = YES;
				INFOPLIST_FILE = RobustaTask/Info.plist;
				INFOPLIST_KEY_UIApplicationSupportsIndirectInputEvents = YES;
				INFOPLIST_KEY_UILaunchStoryboardName = LaunchScreen;
				INFOPLIST_KEY_UIMainStoryboardFile = "";
				INFOPLIST_KEY_UIStatusBarStyle = "";
				INFOPLIST_KEY_UISupportedInterfaceOrientations = UIInterfaceOrientationPortrait;
				INFOPLIST_KEY_UISupportedInterfaceOrientations_iPad = "UIInterfaceOrientationLandscapeLeft UIInterfaceOrientationLandscapeRight UIInterfaceOrientationPortrait UIInterfaceOrientationPortraitUpsideDown";
				LD_RUNPATH_SEARCH_PATHS = (
					"$(inherited)",
					"@executable_path/Frameworks",
				);
				MARKETING_VERSION = 1.0;
				PRODUCT_BUNDLE_IDENTIFIER = norhanboghdadi.RobustaTask;
				PRODUCT_NAME = "$(TARGET_NAME)";
				SWIFT_EMIT_LOC_STRINGS = YES;
				SWIFT_VERSION = 5.0;
				TARGETED_DEVICE_FAMILY = "1,2";
			};
			name = Release;
		};
		7C96D97E29E03799000CFE85 /* Debug */ = {
			isa = XCBuildConfiguration;
			buildSettings = {
				ALWAYS_EMBED_SWIFT_STANDARD_LIBRARIES = YES;
				BUNDLE_LOADER = "$(TEST_HOST)";
				CODE_SIGN_STYLE = Automatic;
				CURRENT_PROJECT_VERSION = 1;
				DEVELOPMENT_TEAM = 77US6N3SL5;
				GENERATE_INFOPLIST_FILE = YES;
				IPHONEOS_DEPLOYMENT_TARGET = 16.1;
				MARKETING_VERSION = 1.0;
				PRODUCT_BUNDLE_IDENTIFIER = norhanboghdadi.RobustaTaskTests;
				PRODUCT_NAME = "$(TARGET_NAME)";
				SWIFT_EMIT_LOC_STRINGS = NO;
				SWIFT_VERSION = 5.0;
				TARGETED_DEVICE_FAMILY = "1,2";
				TEST_HOST = "$(BUILT_PRODUCTS_DIR)/RobustaTask.app/$(BUNDLE_EXECUTABLE_FOLDER_PATH)/RobustaTask";
			};
			name = Debug;
		};
		7C96D97F29E03799000CFE85 /* Release */ = {
			isa = XCBuildConfiguration;
			buildSettings = {
				ALWAYS_EMBED_SWIFT_STANDARD_LIBRARIES = YES;
				BUNDLE_LOADER = "$(TEST_HOST)";
				CODE_SIGN_STYLE = Automatic;
				CURRENT_PROJECT_VERSION = 1;
				DEVELOPMENT_TEAM = 77US6N3SL5;
				GENERATE_INFOPLIST_FILE = YES;
				IPHONEOS_DEPLOYMENT_TARGET = 16.1;
				MARKETING_VERSION = 1.0;
				PRODUCT_BUNDLE_IDENTIFIER = norhanboghdadi.RobustaTaskTests;
				PRODUCT_NAME = "$(TARGET_NAME)";
				SWIFT_EMIT_LOC_STRINGS = NO;
				SWIFT_VERSION = 5.0;
				TARGETED_DEVICE_FAMILY = "1,2";
				TEST_HOST = "$(BUILT_PRODUCTS_DIR)/RobustaTask.app/$(BUNDLE_EXECUTABLE_FOLDER_PATH)/RobustaTask";
			};
			name = Release;
		};
		7C96D98129E03799000CFE85 /* Debug */ = {
			isa = XCBuildConfiguration;
			buildSettings = {
				ALWAYS_EMBED_SWIFT_STANDARD_LIBRARIES = YES;
				CODE_SIGN_STYLE = Automatic;
				CURRENT_PROJECT_VERSION = 1;
				DEVELOPMENT_TEAM = 77US6N3SL5;
				GENERATE_INFOPLIST_FILE = YES;
				MARKETING_VERSION = 1.0;
				PRODUCT_BUNDLE_IDENTIFIER = norhanboghdadi.RobustaTaskUITests;
				PRODUCT_NAME = "$(TARGET_NAME)";
				SWIFT_EMIT_LOC_STRINGS = NO;
				SWIFT_VERSION = 5.0;
				TARGETED_DEVICE_FAMILY = "1,2";
				TEST_TARGET_NAME = RobustaTask;
			};
			name = Debug;
		};
		7C96D98229E03799000CFE85 /* Release */ = {
			isa = XCBuildConfiguration;
			buildSettings = {
				ALWAYS_EMBED_SWIFT_STANDARD_LIBRARIES = YES;
				CODE_SIGN_STYLE = Automatic;
				CURRENT_PROJECT_VERSION = 1;
				DEVELOPMENT_TEAM = 77US6N3SL5;
				GENERATE_INFOPLIST_FILE = YES;
				MARKETING_VERSION = 1.0;
				PRODUCT_BUNDLE_IDENTIFIER = norhanboghdadi.RobustaTaskUITests;
				PRODUCT_NAME = "$(TARGET_NAME)";
				SWIFT_EMIT_LOC_STRINGS = NO;
				SWIFT_VERSION = 5.0;
				TARGETED_DEVICE_FAMILY = "1,2";
				TEST_TARGET_NAME = RobustaTask;
			};
			name = Release;
		};
/* End XCBuildConfiguration section */

/* Begin XCConfigurationList section */
		7C96D94B29E03793000CFE85 /* Build configuration list for PBXProject "RobustaTask" */ = {
			isa = XCConfigurationList;
			buildConfigurations = (
				7C96D97829E03799000CFE85 /* Debug */,
				7C96D97929E03799000CFE85 /* Release */,
			);
			defaultConfigurationIsVisible = 0;
			defaultConfigurationName = Release;
		};
		7C96D97A29E03799000CFE85 /* Build configuration list for PBXNativeTarget "RobustaTask" */ = {
			isa = XCConfigurationList;
			buildConfigurations = (
				7C96D97B29E03799000CFE85 /* Debug */,
				7C96D97C29E03799000CFE85 /* Release */,
			);
			defaultConfigurationIsVisible = 0;
			defaultConfigurationName = Release;
		};
		7C96D97D29E03799000CFE85 /* Build configuration list for PBXNativeTarget "RobustaTaskTests" */ = {
			isa = XCConfigurationList;
			buildConfigurations = (
				7C96D97E29E03799000CFE85 /* Debug */,
				7C96D97F29E03799000CFE85 /* Release */,
			);
			defaultConfigurationIsVisible = 0;
			defaultConfigurationName = Release;
		};
		7C96D98029E03799000CFE85 /* Build configuration list for PBXNativeTarget "RobustaTaskUITests" */ = {
			isa = XCConfigurationList;
			buildConfigurations = (
				7C96D98129E03799000CFE85 /* Debug */,
				7C96D98229E03799000CFE85 /* Release */,
			);
			defaultConfigurationIsVisible = 0;
			defaultConfigurationName = Release;
		};
/* End XCConfigurationList section */
	};
	rootObject = 7C96D94829E03793000CFE85 /* Project object */;
}
